
Microsoft Visual Studio Solution File, Format Version 12.00
# Visual Studio Version 17
VisualStudioVersion = 17.0.31903.59
MinimumVisualStudioVersion = 10.0.40219.1
Project("{FAE04EC0-301F-11D3-BF4B-00C04F79EFBC}") = "Otus_HW6", "Otus_HW6.csproj", "{E7595D42-6C2B-4BC8-977C-3EDD4EC55B49}"
EndProject
Global
	GlobalSection(SolutionConfigurationPlatforms) = preSolution
		Debug|Any CPU = Debug|Any CPU
		Release|Any CPU = Release|Any CPU
	EndGlobalSection
	GlobalSection(ProjectConfigurationPlatforms) = postSolution
		{E7595D42-6C2B-4BC8-977C-3EDD4EC55B49}.Debug|Any CPU.ActiveCfg = Debug|Any CPU
		{E7595D42-6C2B-4BC8-977C-3EDD4EC55B49}.Debug|Any CPU.Build.0 = Debug|Any CPU
		{E7595D42-6C2B-4BC8-977C-3EDD4EC55B49}.Release|Any CPU.ActiveCfg = Release|Any CPU
		{E7595D42-6C2B-4BC8-977C-3EDD4EC55B49}.Release|Any CPU.Build.0 = Release|Any CPU
	EndGlobalSection
	GlobalSection(SolutionProperties) = preSolution
		HideSolutionNode = FALSE
	EndGlobalSection
	GlobalSection(ExtensibilityGlobals) = postSolution
		SolutionGuid = {14E25D73-3E85-4B84-91A4-F1AE3A24E892}
	EndGlobalSection
EndGlobal
